
Microsoft Visual Studio Solution File, Format Version 12.00
# Visual Studio Version 17
VisualStudioVersion = 17.3.32922.545
MinimumVisualStudioVersion = 10.0.40219.1
Project("{FAE04EC0-301F-11D3-BF4B-00C04F79EFBC}") = "ToDoItAssignment", "ToDoItAssignment\ToDoItAssignment.csproj", "{432AC3D8-8E45-4A4E-9F0D-1821B162735C}"
EndProject
Global
	GlobalSection(SolutionConfigurationPlatforms) = preSolution
		Debug|Any CPU = Debug|Any CPU
		Release|Any CPU = Release|Any CPU
	EndGlobalSection
	GlobalSection(ProjectConfigurationPlatforms) = postSolution
		{432AC3D8-8E45-4A4E-9F0D-1821B162735C}.Debug|Any CPU.ActiveCfg = Debug|Any CPU
		{432AC3D8-8E45-4A4E-9F0D-1821B162735C}.Debug|Any CPU.Build.0 = Debug|Any CPU
		{432AC3D8-8E45-4A4E-9F0D-1821B162735C}.Release|Any CPU.ActiveCfg = Release|Any CPU
		{432AC3D8-8E45-4A4E-9F0D-1821B162735C}.Release|Any CPU.Build.0 = Release|Any CPU
	EndGlobalSection
	GlobalSection(SolutionProperties) = preSolution
		HideSolutionNode = FALSE
	EndGlobalSection
	GlobalSection(ExtensibilityGlobals) = postSolution
		SolutionGuid = {97A35F0F-6545-473A-A062-9AD030F72316}
	EndGlobalSection
EndGlobal
